
Microsoft Visual Studio Solution File, Format Version 12.00
# Visual Studio Version 16
VisualStudioVersion = 16.0.31019.35
MinimumVisualStudioVersion = 15.0.26124.0
Project("{9A19103F-16F7-4668-BE54-9A1E7A4F7556}") = "CPCSharp.Avalonia", "CPCSharp.Avalonia\CPCSharp.Avalonia.csproj", "{1FE6853B-49DA-4C50-8220-636DE54B6705}"
EndProject
Project("{9A19103F-16F7-4668-BE54-9A1E7A4F7556}") = "CDTSharp.Core", "CDTSharp.Core\CDTSharp.Core.csproj", "{EEC7208B-E551-4223-B7FD-FBCBE83CE674}"
EndProject
Project("{9A19103F-16F7-4668-BE54-9A1E7A4F7556}") = "CDTSharp.Console", "CDTSharp.Console\CDTSharp.Console.csproj", "{AC61A09F-D2BC-4298-87F1-71E7007FF1AB}"
EndProject
Project("{9A19103F-16F7-4668-BE54-9A1E7A4F7556}") = "CPCSharp.Core", "CPCSharp.Core\CPCSharp.Core.csproj", "{35D802ED-1CE6-4EF0-9442-657F6CBEF1B0}"
EndProject
Global
	GlobalSection(SolutionConfigurationPlatforms) = preSolution
		Debug|Any CPU = Debug|Any CPU
		Debug|MacOS = Debug|MacOS
		Release|Any CPU = Release|Any CPU
		Release|MacOS = Release|MacOS
	EndGlobalSection
	GlobalSection(ProjectConfigurationPlatforms) = postSolution
		{1FE6853B-49DA-4C50-8220-636DE54B6705}.Debug|Any CPU.ActiveCfg = Debug|Any CPU
		{1FE6853B-49DA-4C50-8220-636DE54B6705}.Debug|Any CPU.Build.0 = Debug|Any CPU
		{1FE6853B-49DA-4C50-8220-636DE54B6705}.Debug|MacOS.ActiveCfg = Debug|Any CPU
		{1FE6853B-49DA-4C50-8220-636DE54B6705}.Debug|MacOS.Build.0 = Debug|Any CPU
		{1FE6853B-49DA-4C50-8220-636DE54B6705}.Release|Any CPU.ActiveCfg = Release|Any CPU
		{1FE6853B-49DA-4C50-8220-636DE54B6705}.Release|Any CPU.Build.0 = Release|Any CPU
		{1FE6853B-49DA-4C50-8220-636DE54B6705}.Release|MacOS.ActiveCfg = Release|Any CPU
		{1FE6853B-49DA-4C50-8220-636DE54B6705}.Release|MacOS.Build.0 = Release|Any CPU
		{EEC7208B-E551-4223-B7FD-FBCBE83CE674}.Debug|Any CPU.ActiveCfg = Debug|Any CPU
		{EEC7208B-E551-4223-B7FD-FBCBE83CE674}.Debug|Any CPU.Build.0 = Debug|Any CPU
		{EEC7208B-E551-4223-B7FD-FBCBE83CE674}.Debug|MacOS.ActiveCfg = Debug|Any CPU
		{EEC7208B-E551-4223-B7FD-FBCBE83CE674}.Debug|MacOS.Build.0 = Debug|Any CPU
		{EEC7208B-E551-4223-B7FD-FBCBE83CE674}.Release|Any CPU.ActiveCfg = Release|Any CPU
		{EEC7208B-E551-4223-B7FD-FBCBE83CE674}.Release|Any CPU.Build.0 = Release|Any CPU
		{EEC7208B-E551-4223-B7FD-FBCBE83CE674}.Release|MacOS.ActiveCfg = Release|Any CPU
		{EEC7208B-E551-4223-B7FD-FBCBE83CE674}.Release|MacOS.Build.0 = Release|Any CPU
		{AC61A09F-D2BC-4298-87F1-71E7007FF1AB}.Debug|Any CPU.ActiveCfg = Debug|Any CPU
		{AC61A09F-D2BC-4298-87F1-71E7007FF1AB}.Debug|Any CPU.Build.0 = Debug|Any CPU
		{AC61A09F-D2BC-4298-87F1-71E7007FF1AB}.Debug|MacOS.ActiveCfg = Debug|Any CPU
		{AC61A09F-D2BC-4298-87F1-71E7007FF1AB}.Debug|MacOS.Build.0 = Debug|Any CPU
		{AC61A09F-D2BC-4298-87F1-71E7007FF1AB}.Release|Any CPU.ActiveCfg = Release|Any CPU
		{AC61A09F-D2BC-4298-87F1-71E7007FF1AB}.Release|Any CPU.Build.0 = Release|Any CPU
		{AC61A09F-D2BC-4298-87F1-71E7007FF1AB}.Release|MacOS.ActiveCfg = Release|Any CPU
		{AC61A09F-D2BC-4298-87F1-71E7007FF1AB}.Release|MacOS.Build.0 = Release|Any CPU
		{35D802ED-1CE6-4EF0-9442-657F6CBEF1B0}.Debug|Any CPU.ActiveCfg = Debug|Any CPU
		{35D802ED-1CE6-4EF0-9442-657F6CBEF1B0}.Debug|Any CPU.Build.0 = Debug|Any CPU
		{35D802ED-1CE6-4EF0-9442-657F6CBEF1B0}.Debug|MacOS.ActiveCfg = Debug|Any CPU
		{35D802ED-1CE6-4EF0-9442-657F6CBEF1B0}.Debug|MacOS.Build.0 = Debug|Any CPU
		{35D802ED-1CE6-4EF0-9442-657F6CBEF1B0}.Release|Any CPU.ActiveCfg = Release|Any CPU
		{35D802ED-1CE6-4EF0-9442-657F6CBEF1B0}.Release|Any CPU.Build.0 = Release|Any CPU
		{35D802ED-1CE6-4EF0-9442-657F6CBEF1B0}.Release|MacOS.ActiveCfg = Release|Any CPU
		{35D802ED-1CE6-4EF0-9442-657F6CBEF1B0}.Release|MacOS.Build.0 = Release|Any CPU
	EndGlobalSection
	GlobalSection(SolutionProperties) = preSolution
		HideSolutionNode = FALSE
	EndGlobalSection
	GlobalSection(ExtensibilityGlobals) = postSolution
		SolutionGuid = {89915FB2-13C2-4286-8264-97164C391DE1}
	EndGlobalSection
EndGlobal
